
Microsoft Visual Studio Solution File, Format Version 12.00
# Visual Studio 15
VisualStudioVersion = 15.0.27130.2036
MinimumVisualStudioVersion = 10.0.40219.1
Project("{FAE04EC0-301F-11D3-BF4B-00C04F79EFBC}") = "CodeGuise.Cookies", "CodeGuise.Cookies\CodeGuise.Cookies.csproj", "{A39B6770-B9D7-4ED2-B225-583BEA270A6A}"
EndProject
Global
	GlobalSection(SolutionConfigurationPlatforms) = preSolution
		Debug|Any CPU = Debug|Any CPU
		Release|Any CPU = Release|Any CPU
	EndGlobalSection
	GlobalSection(ProjectConfigurationPlatforms) = postSolution
		{A39B6770-B9D7-4ED2-B225-583BEA270A6A}.Debug|Any CPU.ActiveCfg = Debug|Any CPU
		{A39B6770-B9D7-4ED2-B225-583BEA270A6A}.Debug|Any CPU.Build.0 = Debug|Any CPU
		{A39B6770-B9D7-4ED2-B225-583BEA270A6A}.Release|Any CPU.ActiveCfg = Release|Any CPU
		{A39B6770-B9D7-4ED2-B225-583BEA270A6A}.Release|Any CPU.Build.0 = Release|Any CPU
	EndGlobalSection
	GlobalSection(SolutionProperties) = preSolution
		HideSolutionNode = FALSE
	EndGlobalSection
	GlobalSection(ExtensibilityGlobals) = postSolution
		SolutionGuid = {2029C1D4-C243-4FD3-B5C9-E8F54B7E9FAB}
	EndGlobalSection
EndGlobal
